
Microsoft Visual Studio Solution File, Format Version 12.00
# Visual Studio 2013
VisualStudioVersion = 12.0.31101.0
MinimumVisualStudioVersion = 10.0.40219.1
Project("{FAE04EC0-301F-11D3-BF4B-00C04F79EFBC}") = "TrainsCsNG", "TrainsCsNG\TrainsCsNG.csproj", "{B6701D88-A439-4BD9-A60D-3177BF2D5E9E}"
EndProject
Project("{FAE04EC0-301F-11D3-BF4B-00C04F79EFBC}") = "NunitTestsTrains", "NunitTestsTrains\NunitTestsTrains.csproj", "{C0D0439A-13D2-46A0-A0E6-E3F41B5B9EE6}"
EndProject
Global
	GlobalSection(SolutionConfigurationPlatforms) = preSolution
		Debug|Any CPU = Debug|Any CPU
		Release|Any CPU = Release|Any CPU
	EndGlobalSection
	GlobalSection(ProjectConfigurationPlatforms) = postSolution
		{B6701D88-A439-4BD9-A60D-3177BF2D5E9E}.Debug|Any CPU.ActiveCfg = Debug|Any CPU
		{B6701D88-A439-4BD9-A60D-3177BF2D5E9E}.Debug|Any CPU.Build.0 = Debug|Any CPU
		{B6701D88-A439-4BD9-A60D-3177BF2D5E9E}.Release|Any CPU.ActiveCfg = Release|Any CPU
		{B6701D88-A439-4BD9-A60D-3177BF2D5E9E}.Release|Any CPU.Build.0 = Release|Any CPU
		{C0D0439A-13D2-46A0-A0E6-E3F41B5B9EE6}.Debug|Any CPU.ActiveCfg = Debug|Any CPU
		{C0D0439A-13D2-46A0-A0E6-E3F41B5B9EE6}.Debug|Any CPU.Build.0 = Debug|Any CPU
		{C0D0439A-13D2-46A0-A0E6-E3F41B5B9EE6}.Release|Any CPU.ActiveCfg = Release|Any CPU
		{C0D0439A-13D2-46A0-A0E6-E3F41B5B9EE6}.Release|Any CPU.Build.0 = Release|Any CPU
	EndGlobalSection
	GlobalSection(SolutionProperties) = preSolution
		HideSolutionNode = FALSE
	EndGlobalSection
EndGlobal
